// !$*UTF8*$!
{
	archiveVersion = 1;
	classes = {
	};
	objectVersion = 56;
	objects = {

/* Begin PBXBuildFile section */
		ED04BFAE2B2747BB000DB2DB /* WishesApp.swift in Sources */ = {isa = PBXBuildFile; fileRef = ED04BFAD2B2747BB000DB2DB /* WishesApp.swift */; };
		ED04BFB02B2747BB000DB2DB /* WishesView.swift in Sources */ = {isa = PBXBuildFile; fileRef = ED04BFAF2B2747BB000DB2DB /* WishesView.swift */; };
		ED04BFB22B2747BB000DB2DB /* Assets.xcassets in Resources */ = {isa = PBXBuildFile; fileRef = ED04BFB12B2747BB000DB2DB /* Assets.xcassets */; };
		ED04BFB52B2747BB000DB2DB /* Preview Assets.xcassets in Resources */ = {isa = PBXBuildFile; fileRef = ED04BFB42B2747BB000DB2DB /* Preview Assets.xcassets */; };
		ED04BFBC2B274A56000DB2DB /* Wish.swift in Sources */ = {isa = PBXBuildFile; fileRef = ED04BFBB2B274A56000DB2DB /* Wish.swift */; };
		ED04BFBE2B274BAB000DB2DB /* WishesViewModel.swift in Sources */ = {isa = PBXBuildFile; fileRef = ED04BFBD2B274BAB000DB2DB /* WishesViewModel.swift */; };
		ED04BFC12B274D9A000DB2DB /* Alamofire in Frameworks */ = {isa = PBXBuildFile; productRef = ED04BFC02B274D9A000DB2DB /* Alamofire */; };
		ED1BAC5F2B2DDAD70008E41F /* AppDelegate.swift in Sources */ = {isa = PBXBuildFile; fileRef = ED1BAC5E2B2DDAD70008E41F /* AppDelegate.swift */; };
		EDF83F1E2B2B46FD00D05013 /* Network.swift in Sources */ = {isa = PBXBuildFile; fileRef = EDF83F1D2B2B46FD00D05013 /* Network.swift */; };
		EDF83F272B2CC60200D05013 /* Wishes.json in Resources */ = {isa = PBXBuildFile; fileRef = EDF83F262B2CC60200D05013 /* Wishes.json */; };
/* End PBXBuildFile section */

/* Begin PBXFileReference section */
		ED04BFAA2B2747BB000DB2DB /* wishes.app */ = {isa = PBXFileReference; explicitFileType = wrapper.application; includeInIndex = 0; path = wishes.app; sourceTree = BUILT_PRODUCTS_DIR; };
		ED04BFAD2B2747BB000DB2DB /* WishesApp.swift */ = {isa = PBXFileReference; lastKnownFileType = sourcecode.swift; path = WishesApp.swift; sourceTree = "<group>"; };
		ED04BFAF2B2747BB000DB2DB /* WishesView.swift */ = {isa = PBXFileReference; lastKnownFileType = sourcecode.swift; path = WishesView.swift; sourceTree = "<group>"; };
		ED04BFB12B2747BB000DB2DB /* Assets.xcassets */ = {isa = PBXFileReference; lastKnownFileType = folder.assetcatalog; path = Assets.xcassets; sourceTree = "<group>"; };
		ED04BFB42B2747BB000DB2DB /* Preview Assets.xcassets */ = {isa = PBXFileReference; lastKnownFileType = folder.assetcatalog; path = "Preview Assets.xcassets"; sourceTree = "<group>"; };
		ED04BFBB2B274A56000DB2DB /* Wish.swift */ = {isa = PBXFileReference; lastKnownFileType = sourcecode.swift; path = Wish.swift; sourceTree = "<group>"; };
		ED04BFBD2B274BAB000DB2DB /* WishesViewModel.swift */ = {isa = PBXFileReference; lastKnownFileType = sourcecode.swift; path = WishesViewModel.swift; sourceTree = "<group>"; };
		ED1BAC5E2B2DDAD70008E41F /* AppDelegate.swift */ = {isa = PBXFileReference; lastKnownFileType = sourcecode.swift; path = AppDelegate.swift; sourceTree = "<group>"; };
		EDF83F1D2B2B46FD00D05013 /* Network.swift */ = {isa = PBXFileReference; lastKnownFileType = sourcecode.swift; path = Network.swift; sourceTree = "<group>"; };
		EDF83F262B2CC60200D05013 /* Wishes.json */ = {isa = PBXFileReference; lastKnownFileType = text.json; path = Wishes.json; sourceTree = "<group>"; };
/* End PBXFileReference section */

/* Begin PBXFrameworksBuildPhase section */
		ED04BFA72B2747BB000DB2DB /* Frameworks */ = {
			isa = PBXFrameworksBuildPhase;
			buildActionMask = 2147483647;
			files = (
				ED04BFC12B274D9A000DB2DB /* Alamofire in Frameworks */,
			);
			runOnlyForDeploymentPostprocessing = 0;
		};
/* End PBXFrameworksBuildPhase section */

/* Begin PBXGroup section */
		ED04BFA12B2747BA000DB2DB = {
			isa = PBXGroup;
			children = (
				ED04BFAC2B2747BB000DB2DB /* wishes */,
				ED04BFAB2B2747BB000DB2DB /* Products */,
			);
			sourceTree = "<group>";
		};
		ED04BFAB2B2747BB000DB2DB /* Products */ = {
			isa = PBXGroup;
			children = (
				ED04BFAA2B2747BB000DB2DB /* wishes.app */,
			);
			name = Products;
			sourceTree = "<group>";
		};
		ED04BFAC2B2747BB000DB2DB /* wishes */ = {
			isa = PBXGroup;
			children = (
				ED04BFAD2B2747BB000DB2DB /* WishesApp.swift */,
				ED1BAC5E2B2DDAD70008E41F /* AppDelegate.swift */,
				EDF097C52B29D990009600FA /* Model */,
				EDF83F1C2B2B46C500D05013 /* Service */,
				EDF097C72B29D9A1009600FA /* View */,
				EDF097C62B29D997009600FA /* ViewModel */,
				ED04BFB12B2747BB000DB2DB /* Assets.xcassets */,
				ED04BFB32B2747BB000DB2DB /* Preview Content */,
			);
			path = wishes;
			sourceTree = "<group>";
		};
		ED04BFB32B2747BB000DB2DB /* Preview Content */ = {
			isa = PBXGroup;
			children = (
				ED04BFB42B2747BB000DB2DB /* Preview Assets.xcassets */,
			);
			path = "Preview Content";
			sourceTree = "<group>";
		};
		EDF097C52B29D990009600FA /* Model */ = {
			isa = PBXGroup;
			children = (
				ED04BFBB2B274A56000DB2DB /* Wish.swift */,
				EDF83F262B2CC60200D05013 /* Wishes.json */,
			);
			path = Model;
			sourceTree = "<group>";
		};
		EDF097C62B29D997009600FA /* ViewModel */ = {
			isa = PBXGroup;
			children = (
				ED04BFBD2B274BAB000DB2DB /* WishesViewModel.swift */,
			);
			path = ViewModel;
			sourceTree = "<group>";
		};
		EDF097C72B29D9A1009600FA /* View */ = {
			isa = PBXGroup;
			children = (
				ED04BFAF2B2747BB000DB2DB /* WishesView.swift */,
			);
			path = View;
			sourceTree = "<group>";
		};
		EDF83F1C2B2B46C500D05013 /* Service */ = {
			isa = PBXGroup;
			children = (
				EDF83F1D2B2B46FD00D05013 /* Network.swift */,
			);
			path = Service;
			sourceTree = "<group>";
		};
/* End PBXGroup section */

/* Begin PBXNativeTarget section */
		ED04BFA92B2747BB000DB2DB /* wishes */ = {
			isa = PBXNativeTarget;
			buildConfigurationList = ED04BFB82B2747BB000DB2DB /* Build configuration list for PBXNativeTarget "wishes" */;
			buildPhases = (
				ED04BFA62B2747BB000DB2DB /* Sources */,
				ED04BFA72B2747BB000DB2DB /* Frameworks */,
				ED04BFA82B2747BB000DB2DB /* Resources */,
			);
			buildRules = (
			);
			dependencies = (
			);
			name = wishes;
			packageProductDependencies = (
				ED04BFC02B274D9A000DB2DB /* Alamofire */,
			);
			productName = wishes;
			productReference = ED04BFAA2B2747BB000DB2DB /* wishes.app */;
			productType = "com.apple.product-type.application";
		};
/* End PBXNativeTarget section */

/* Begin PBXProject section */
		ED04BFA22B2747BA000DB2DB /* Project object */ = {
			isa = PBXProject;
			attributes = {
				BuildIndependentTargetsInParallel = 1;
				LastSwiftUpdateCheck = 1430;
				LastUpgradeCheck = 1430;
				TargetAttributes = {
					ED04BFA92B2747BB000DB2DB = {
						CreatedOnToolsVersion = 14.3;
					};
				};
			};
			buildConfigurationList = ED04BFA52B2747BA000DB2DB /* Build configuration list for PBXProject "wishes" */;
			compatibilityVersion = "Xcode 14.0";
			developmentRegion = en;
			hasScannedForEncodings = 0;
			knownRegions = (
				en,
				Base,
			);
			mainGroup = ED04BFA12B2747BA000DB2DB;
			packageReferences = (
				ED04BFBF2B274D9A000DB2DB /* XCRemoteSwiftPackageReference "Alamofire" */,
			);
			productRefGroup = ED04BFAB2B2747BB000DB2DB /* Products */;
			projectDirPath = "";
			projectRoot = "";
			targets = (
				ED04BFA92B2747BB000DB2DB /* wishes */,
			);
		};
/* End PBXProject section */

/* Begin PBXResourcesBuildPhase section */
		ED04BFA82B2747BB000DB2DB /* Resources */ = {
			isa = PBXResourcesBuildPhase;
			buildActionMask = 2147483647;
			files = (
				EDF83F272B2CC60200D05013 /* Wishes.json in Resources */,
				ED04BFB52B2747BB000DB2DB /* Preview Assets.xcassets in Resources */,
				ED04BFB22B2747BB000DB2DB /* Assets.xcassets in Resources */,
			);
			runOnlyForDeploymentPostprocessing = 0;
		};
/* End PBXResourcesBuildPhase section */

/* Begin PBXSourcesBuildPhase section */
		ED04BFA62B2747BB000DB2DB /* Sources */ = {
			isa = PBXSourcesBuildPhase;
			buildActionMask = 2147483647;
			files = (
				ED1BAC5F2B2DDAD70008E41F /* AppDelegate.swift in Sources */,
				EDF83F1E2B2B46FD00D05013 /* Network.swift in Sources */,
				ED04BFBC2B274A56000DB2DB /* Wish.swift in Sources */,
				ED04BFB02B2747BB000DB2DB /* WishesView.swift in Sources */,
				ED04BFAE2B2747BB000DB2DB /* WishesApp.swift in Sources */,
				ED04BFBE2B274BAB000DB2DB /* WishesViewModel.swift in Sources */,
			);
			runOnlyForDeploymentPostprocessing = 0;
		};
/* End PBXSourcesBuildPhase section */

/* Begin XCBuildConfiguration section */
		ED04BFB62B2747BB000DB2DB /* Debug */ = {
			isa = XCBuildConfiguration;
			buildSettings = {
				ALWAYS_SEARCH_USER_PATHS = NO;
				CLANG_ANALYZER_NONNULL = YES;
				CLANG_ANALYZER_NUMBER_OBJECT_CONVERSION = YES_AGGRESSIVE;
				CLANG_CXX_LANGUAGE_STANDARD = "gnu++20";
				CLANG_ENABLE_MODULES = YES;
				CLANG_ENABLE_OBJC_ARC = YES;
				CLANG_ENABLE_OBJC_WEAK = YES;
				CLANG_WARN_BLOCK_CAPTURE_AUTORELEASING = YES;
				CLANG_WARN_BOOL_CONVERSION = YES;
				CLANG_WARN_COMMA = YES;
				CLANG_WARN_CONSTANT_CONVERSION = YES;
				CLANG_WARN_DEPRECATED_OBJC_IMPLEMENTATIONS = YES;
				CLANG_WARN_DIRECT_OBJC_ISA_USAGE = YES_ERROR;
				CLANG_WARN_DOCUMENTATION_COMMENTS = YES;
				CLANG_WARN_EMPTY_BODY = YES;
				CLANG_WARN_ENUM_CONVERSION = YES;
				CLANG_WARN_INFINITE_RECURSION = YES;
				CLANG_WARN_INT_CONVERSION = YES;
				CLANG_WARN_NON_LITERAL_NULL_CONVERSION = YES;
				CLANG_WARN_OBJC_IMPLICIT_RETAIN_SELF = YES;
				CLANG_WARN_OBJC_LITERAL_CONVERSION = YES;
				CLANG_WARN_OBJC_ROOT_CLASS = YES_ERROR;
				CLANG_WARN_QUOTED_INCLUDE_IN_FRAMEWORK_HEADER = YES;
				CLANG_WARN_RANGE_LOOP_ANALYSIS = YES;
				CLANG_WARN_STRICT_PROTOTYPES = YES;
				CLANG_WARN_SUSPICIOUS_MOVE = YES;
				CLANG_WARN_UNGUARDED_AVAILABILITY = YES_AGGRESSIVE;
				CLANG_WARN_UNREACHABLE_CODE = YES;
				CLANG_WARN__DUPLICATE_METHOD_MATCH = YES;
				COPY_PHASE_STRIP = NO;
				DEBUG_INFORMATION_FORMAT = dwarf;
				ENABLE_STRICT_OBJC_MSGSEND = YES;
				ENABLE_TESTABILITY = YES;
				GCC_C_LANGUAGE_STANDARD = gnu11;
				GCC_DYNAMIC_NO_PIC = NO;
				GCC_NO_COMMON_BLOCKS = YES;
				GCC_OPTIMIZATION_LEVEL = 0;
				GCC_PREPROCESSOR_DEFINITIONS = (
					"DEBUG=1",
					"$(inherited)",
				);
				GCC_WARN_64_TO_32_BIT_CONVERSION = YES;
				GCC_WARN_ABOUT_RETURN_TYPE = YES_ERROR;
				GCC_WARN_UNDECLARED_SELECTOR = YES;
				GCC_WARN_UNINITIALIZED_AUTOS = YES_AGGRESSIVE;
				GCC_WARN_UNUSED_FUNCTION = YES;
				GCC_WARN_UNUSED_VARIABLE = YES;
				IPHONEOS_DEPLOYMENT_TARGET = 16.4;
				MTL_ENABLE_DEBUG_INFO = INCLUDE_SOURCE;
				MTL_FAST_MATH = YES;
				ONLY_ACTIVE_ARCH = YES;
				SDKROOT = iphoneos;
				SWIFT_ACTIVE_COMPILATION_CONDITIONS = DEBUG;
				SWIFT_OPTIMIZATION_LEVEL = "-Onone";
			};
			name = Debug;
		};
		ED04BFB72B2747BB000DB2DB /* Release */ = {
			isa = XCBuildConfiguration;
			buildSettings = {
				ALWAYS_SEARCH_USER_PATHS = NO;
				CLANG_ANALYZER_NONNULL = YES;
				CLANG_ANALYZER_NUMBER_OBJECT_CONVERSION = YES_AGGRESSIVE;
				CLANG_CXX_LANGUAGE_STANDARD = "gnu++20";
				CLANG_ENABLE_MODULES = YES;
				CLANG_ENABLE_OBJC_ARC = YES;
				CLANG_ENABLE_OBJC_WEAK = YES;
				CLANG_WARN_BLOCK_CAPTURE_AUTORELEASING = YES;
				CLANG_WARN_BOOL_CONVERSION = YES;
				CLANG_WARN_COMMA = YES;
				CLANG_WARN_CONSTANT_CONVERSION = YES;
				CLANG_WARN_DEPRECATED_OBJC_IMPLEMENTATIONS = YES;
				CLANG_WARN_DIRECT_OBJC_ISA_USAGE = YES_ERROR;
				CLANG_WARN_DOCUMENTATION_COMMENTS = YES;
				CLANG_WARN_EMPTY_BODY = YES;
				CLANG_WARN_ENUM_CONVERSION = YES;
				CLANG_WARN_INFINITE_RECURSION = YES;
				CLANG_WARN_INT_CONVERSION = YES;
				CLANG_WARN_NON_LITERAL_NULL_CONVERSION = YES;
				CLANG_WARN_OBJC_IMPLICIT_RETAIN_SELF = YES;
				CLANG_WARN_OBJC_LITERAL_CONVERSION = YES;
				CLANG_WARN_OBJC_ROOT_CLASS = YES_ERROR;
				CLANG_WARN_QUOTED_INCLUDE_IN_FRAMEWORK_HEADER = YES;
				CLANG_WARN_RANGE_LOOP_ANALYSIS = YES;
				CLANG_WARN_STRICT_PROTOTYPES = YES;
				CLANG_WARN_SUSPICIOUS_MOVE = YES;
				CLANG_WARN_UNGUARDED_AVAILABILITY = YES_AGGRESSIVE;
				CLANG_WARN_UNREACHABLE_CODE = YES;
				CLANG_WARN__DUPLICATE_METHOD_MATCH = YES;
				COPY_PHASE_STRIP = NO;
				DEBUG_INFORMATION_FORMAT = "dwarf-with-dsym";
				ENABLE_NS_ASSERTIONS = NO;
				ENABLE_STRICT_OBJC_MSGSEND = YES;
				GCC_C_LANGUAGE_STANDARD = gnu11;
				GCC_NO_COMMON_BLOCKS = YES;
				GCC_WARN_64_TO_32_BIT_CONVERSION = YES;
				GCC_WARN_ABOUT_RETURN_TYPE = YES_ERROR;
				GCC_WARN_UNDECLARED_SELECTOR = YES;
				GCC_WARN_UNINITIALIZED_AUTOS = YES_AGGRESSIVE;
				GCC_WARN_UNUSED_FUNCTION = YES;
				GCC_WARN_UNUSED_VARIABLE = YES;
				IPHONEOS_DEPLOYMENT_TARGET = 16.4;
				MTL_ENABLE_DEBUG_INFO = NO;
				MTL_FAST_MATH = YES;
				SDKROOT = iphoneos;
				SWIFT_COMPILATION_MODE = wholemodule;
				SWIFT_OPTIMIZATION_LEVEL = "-O";
				VALIDATE_PRODUCT = YES;
			};
			name = Release;
		};
		ED04BFB92B2747BB000DB2DB /* Debug */ = {
			isa = XCBuildConfiguration;
			buildSettings = {
				ASSETCATALOG_COMPILER_APPICON_NAME = AppIcon;
				ASSETCATALOG_COMPILER_GLOBAL_ACCENT_COLOR_NAME = AccentColor;
				CODE_SIGN_STYLE = Automatic;
				CURRENT_PROJECT_VERSION = 1;
				DEVELOPMENT_ASSET_PATHS = "\"wishes/Preview Content\"";
				DEVELOPMENT_TEAM = V5U2P47B4Y;
				ENABLE_PREVIEWS = YES;
				GENERATE_INFOPLIST_FILE = YES;
				INFOPLIST_KEY_UIApplicationSceneManifest_Generation = YES;
				INFOPLIST_KEY_UIApplicationSupportsIndirectInputEvents = YES;
				INFOPLIST_KEY_UILaunchScreen_Generation = YES;
				INFOPLIST_KEY_UISupportedInterfaceOrientations_iPad = "UIInterfaceOrientationPortrait UIInterfaceOrientationPortraitUpsideDown UIInterfaceOrientationLandscapeLeft UIInterfaceOrientationLandscapeRight";
				INFOPLIST_KEY_UISupportedInterfaceOrientations_iPhone = "UIInterfaceOrientationPortrait UIInterfaceOrientationLandscapeLeft UIInterfaceOrientationLandscapeRight";
				LD_RUNPATH_SEARCH_PATHS = (
					"$(inherited)",
					"@executable_path/Frameworks",
				);
				MARKETING_VERSION = 1.0;
				PRODUCT_BUNDLE_IDENTIFIER = maxOS.wishes;
				PRODUCT_NAME = "$(TARGET_NAME)";
				SWIFT_EMIT_LOC_STRINGS = YES;
				SWIFT_VERSION = 5.0;
				TARGETED_DEVICE_FAMILY = "1,2";
			};
			name = Debug;
		};
		ED04BFBA2B2747BB000DB2DB /* Release */ = {
			isa = XCBuildConfiguration;
			buildSettings = {
				ASSETCATALOG_COMPILER_APPICON_NAME = AppIcon;
				ASSETCATALOG_COMPILER_GLOBAL_ACCENT_COLOR_NAME = AccentColor;
				CODE_SIGN_STYLE = Automatic;
				CURRENT_PROJECT_VERSION = 1;
				DEVELOPMENT_ASSET_PATHS = "\"wishes/Preview Content\"";
				DEVELOPMENT_TEAM = V5U2P47B4Y;
				ENABLE_PREVIEWS = YES;
				GENERATE_INFOPLIST_FILE = YES;
				INFOPLIST_KEY_UIApplicationSceneManifest_Generation = YES;
				INFOPLIST_KEY_UIApplicationSupportsIndirectInputEvents = YES;
				INFOPLIST_KEY_UILaunchScreen_Generation = YES;
				INFOPLIST_KEY_UISupportedInterfaceOrientations_iPad = "UIInterfaceOrientationPortrait UIInterfaceOrientationPortraitUpsideDown UIInterfaceOrientationLandscapeLeft UIInterfaceOrientationLandscapeRight";
				INFOPLIST_KEY_UISupportedInterfaceOrientations_iPhone = "UIInterfaceOrientationPortrait UIInterfaceOrientationLandscapeLeft UIInterfaceOrientationLandscapeRight";
				LD_RUNPATH_SEARCH_PATHS = (
					"$(inherited)",
					"@executable_path/Frameworks",
				);
				MARKETING_VERSION = 1.0;
				PRODUCT_BUNDLE_IDENTIFIER = maxOS.wishes;
				PRODUCT_NAME = "$(TARGET_NAME)";
				SWIFT_EMIT_LOC_STRINGS = YES;
				SWIFT_VERSION = 5.0;
				TARGETED_DEVICE_FAMILY = "1,2";
			};
			name = Release;
		};
/* End XCBuildConfiguration section */

/* Begin XCConfigurationList section */
		ED04BFA52B2747BA000DB2DB /* Build configuration list for PBXProject "wishes" */ = {
			isa = XCConfigurationList;
			buildConfigurations = (
				ED04BFB62B2747BB000DB2DB /* Debug */,
				ED04BFB72B2747BB000DB2DB /* Release */,
			);
			defaultConfigurationIsVisible = 0;
			defaultConfigurationName = Release;
		};
		ED04BFB82B2747BB000DB2DB /* Build configuration list for PBXNativeTarget "wishes" */ = {
			isa = XCConfigurationList;
			buildConfigurations = (
				ED04BFB92B2747BB000DB2DB /* Debug */,
				ED04BFBA2B2747BB000DB2DB /* Release */,
			);
			defaultConfigurationIsVisible = 0;
			defaultConfigurationName = Release;
		};
/* End XCConfigurationList section */

/* Begin XCRemoteSwiftPackageReference section */
		ED04BFBF2B274D9A000DB2DB /* XCRemoteSwiftPackageReference "Alamofire" */ = {
			isa = XCRemoteSwiftPackageReference;
			repositoryURL = "https://github.com/Alamofire/Alamofire";
			requirement = {
				kind = upToNextMajorVersion;
				minimumVersion = 5.0.0;
			};
		};
/* End XCRemoteSwiftPackageReference section */

/* Begin XCSwiftPackageProductDependency section */
		ED04BFC02B274D9A000DB2DB /* Alamofire */ = {
			isa = XCSwiftPackageProductDependency;
			package = ED04BFBF2B274D9A000DB2DB /* XCRemoteSwiftPackageReference "Alamofire" */;
			productName = Alamofire;
		};
/* End XCSwiftPackageProductDependency section */
	};
	rootObject = ED04BFA22B2747BA000DB2DB /* Project object */;
}
